// !$*UTF8*$!
{
	archiveVersion = 1;
	classes = {
	};
	objectVersion = 48;
	objects = {

/* Begin PBXBuildFile section */
		3D2AAF6F20B6646A00A907DC /* AppDelegate.swift in Sources */ = {isa = PBXBuildFile; fileRef = 3D2AAF6E20B6646A00A907DC /* AppDelegate.swift */; };
		3D2AAF7120B6646A00A907DC /* ViewController.swift in Sources */ = {isa = PBXBuildFile; fileRef = 3D2AAF7020B6646A00A907DC /* ViewController.swift */; };
		3D2AAF7420B6646A00A907DC /* Main.storyboard in Resources */ = {isa = PBXBuildFile; fileRef = 3D2AAF7220B6646A00A907DC /* Main.storyboard */; };
		3D2AAF7620B6646A00A907DC /* Assets.xcassets in Resources */ = {isa = PBXBuildFile; fileRef = 3D2AAF7520B6646A00A907DC /* Assets.xcassets */; };
		3D2AAF7920B6646A00A907DC /* LaunchScreen.storyboard in Resources */ = {isa = PBXBuildFile; fileRef = 3D2AAF7720B6646A00A907DC /* LaunchScreen.storyboard */; };
		3D2AAF8120B6649400A907DC /* YMYCodeTextField.swift in Sources */ = {isa = PBXBuildFile; fileRef = 3D2AAF8020B6649400A907DC /* YMYCodeTextField.swift */; };
		3D2AAF8320B66B0900A907DC /* YMYCodeView.swift in Sources */ = {isa = PBXBuildFile; fileRef = 3D2AAF8220B66B0900A907DC /* YMYCodeView.swift */; };
		3DEBB8B5217887130065207D /* TaxInputView.swift in Sources */ = {isa = PBXBuildFile; fileRef = 3DEBB8B4217887130065207D /* TaxInputView.swift */; };
/* End PBXBuildFile section */

/* Begin PBXFileReference section */
		3D2AAF6B20B6646A00A907DC /* DeleTextField.app */ = {isa = PBXFileReference; explicitFileType = wrapper.application; includeInIndex = 0; path = DeleTextField.app; sourceTree = BUILT_PRODUCTS_DIR; };
		3D2AAF6E20B6646A00A907DC /* AppDelegate.swift */ = {isa = PBXFileReference; lastKnownFileType = sourcecode.swift; path = AppDelegate.swift; sourceTree = "<group>"; };
		3D2AAF7020B6646A00A907DC /* ViewController.swift */ = {isa = PBXFileReference; lastKnownFileType = sourcecode.swift; path = ViewController.swift; sourceTree = "<group>"; };
		3D2AAF7320B6646A00A907DC /* Base */ = {isa = PBXFileReference; lastKnownFileType = file.storyboard; name = Base; path = Base.lproj/Main.storyboard; sourceTree = "<group>"; };
		3D2AAF7520B6646A00A907DC /* Assets.xcassets */ = {isa = PBXFileReference; lastKnownFileType = folder.assetcatalog; path = Assets.xcassets; sourceTree = "<group>"; };
		3D2AAF7820B6646A00A907DC /* Base */ = {isa = PBXFileReference; lastKnownFileType = file.storyboard; name = Base; path = Base.lproj/LaunchScreen.storyboard; sourceTree = "<group>"; };
		3D2AAF7A20B6646A00A907DC /* Info.plist */ = {isa = PBXFileReference; lastKnownFileType = text.plist.xml; path = Info.plist; sourceTree = "<group>"; };
		3D2AAF8020B6649400A907DC /* YMYCodeTextField.swift */ = {isa = PBXFileReference; lastKnownFileType = sourcecode.swift; path = YMYCodeTextField.swift; sourceTree = "<group>"; };
		3D2AAF8220B66B0900A907DC /* YMYCodeView.swift */ = {isa = PBXFileReference; lastKnownFileType = sourcecode.swift; path = YMYCodeView.swift; sourceTree = "<group>"; };
		3DEBB8B4217887130065207D /* TaxInputView.swift */ = {isa = PBXFileReference; fileEncoding = 4; lastKnownFileType = sourcecode.swift; path = TaxInputView.swift; sourceTree = "<group>"; };
/* End PBXFileReference section */

/* Begin PBXFrameworksBuildPhase section */
		3D2AAF6820B6646A00A907DC /* Frameworks */ = {
			isa = PBXFrameworksBuildPhase;
			buildActionMask = 2147483647;
			files = (
			);
			runOnlyForDeploymentPostprocessing = 0;
		};
/* End PBXFrameworksBuildPhase section */

/* Begin PBXGroup section */
		3D2AAF6220B6646A00A907DC = {
			isa = PBXGroup;
			children = (
				3D2AAF6D20B6646A00A907DC /* DeleTextField */,
				3D2AAF6C20B6646A00A907DC /* Products */,
			);
			sourceTree = "<group>";
		};
		3D2AAF6C20B6646A00A907DC /* Products */ = {
			isa = PBXGroup;
			children = (
				3D2AAF6B20B6646A00A907DC /* DeleTextField.app */,
			);
			name = Products;
			sourceTree = "<group>";
		};
		3D2AAF6D20B6646A00A907DC /* DeleTextField */ = {
			isa = PBXGroup;
			children = (
				3D2AAF6E20B6646A00A907DC /* AppDelegate.swift */,
				3D2AAF7020B6646A00A907DC /* ViewController.swift */,
				3D2AAF8020B6649400A907DC /* YMYCodeTextField.swift */,
				3D2AAF8220B66B0900A907DC /* YMYCodeView.swift */,
				3DEBB8B4217887130065207D /* TaxInputView.swift */,
				3D2AAF7220B6646A00A907DC /* Main.storyboard */,
				3D2AAF7520B6646A00A907DC /* Assets.xcassets */,
				3D2AAF7720B6646A00A907DC /* LaunchScreen.storyboard */,
				3D2AAF7A20B6646A00A907DC /* Info.plist */,
			);
			path = DeleTextField;
			sourceTree = "<group>";
		};
/* End PBXGroup section */

/* Begin PBXNativeTarget section */
		3D2AAF6A20B6646A00A907DC /* DeleTextField */ = {
			isa = PBXNativeTarget;
			buildConfigurationList = 3D2AAF7D20B6646A00A907DC /* Build configuration list for PBXNativeTarget "DeleTextField" */;
			buildPhases = (
				3D2AAF6720B6646A00A907DC /* Sources */,
				3D2AAF6820B6646A00A907DC /* Frameworks */,
				3D2AAF6920B6646A00A907DC /* Resources */,
			);
			buildRules = (
			);
			dependencies = (
			);
			name = DeleTextField;
			productName = DeleTextField;
			productReference = 3D2AAF6B20B6646A00A907DC /* DeleTextField.app */;
			productType = "com.apple.product-type.application";
		};
/* End PBXNativeTarget section */

/* Begin PBXProject section */
		3D2AAF6320B6646A00A907DC /* Project object */ = {
			isa = PBXProject;
			attributes = {
				LastSwiftUpdateCheck = 0920;
				LastUpgradeCheck = 0920;
				ORGANIZATIONNAME = miniYang;
				TargetAttributes = {
					3D2AAF6A20B6646A00A907DC = {
						CreatedOnToolsVersion = 9.2;
						ProvisioningStyle = Automatic;
					};
				};
			};
			buildConfigurationList = 3D2AAF6620B6646A00A907DC /* Build configuration list for PBXProject "DeleTextField" */;
			compatibilityVersion = "Xcode 8.0";
			developmentRegion = en;
			hasScannedForEncodings = 0;
			knownRegions = (
				en,
				Base,
			);
			mainGroup = 3D2AAF6220B6646A00A907DC;
			productRefGroup = 3D2AAF6C20B6646A00A907DC /* Products */;
			projectDirPath = "";
			projectRoot = "";
			targets = (
				3D2AAF6A20B6646A00A907DC /* DeleTextField */,
			);
		};
/* End PBXProject section */

/* Begin PBXResourcesBuildPhase section */
		3D2AAF6920B6646A00A907DC /* Resources */ = {
			isa = PBXResourcesBuildPhase;
			buildActionMask = 2147483647;
			files = (
				3D2AAF7920B6646A00A907DC /* LaunchScreen.storyboard in Resources */,
				3D2AAF7620B6646A00A907DC /* Assets.xcassets in Resources */,
				3D2AAF7420B6646A00A907DC /* Main.storyboard in Resources */,
			);
			runOnlyForDeploymentPostprocessing = 0;
		};
/* End PBXResourcesBuildPhase section */

/* Begin PBXSourcesBuildPhase section */
		3D2AAF6720B6646A00A907DC /* Sources */ = {
			isa = PBXSourcesBuildPhase;
			buildActionMask = 2147483647;
			files = (
				3D2AAF8320B66B0900A907DC /* YMYCodeView.swift in Sources */,
				3D2AAF8120B6649400A907DC /* YMYCodeTextField.swift in Sources */,
				3D2AAF7120B6646A00A907DC /* ViewController.swift in Sources */,
				3D2AAF6F20B6646A00A907DC /* AppDelegate.swift in Sources */,
				3DEBB8B5217887130065207D /* TaxInputView.swift in Sources */,
			);
			runOnlyForDeploymentPostprocessing = 0;
		};
/* End PBXSourcesBuildPhase section */

/* Begin PBXVariantGroup section */
		3D2AAF7220B6646A00A907DC /* Main.storyboard */ = {
			isa = PBXVariantGroup;
			children = (
				3D2AAF7320B6646A00A907DC /* Base */,
			);
			name = Main.storyboard;
			sourceTree = "<group>";
		};
		3D2AAF7720B6646A00A907DC /* LaunchScreen.storyboard */ = {
			isa = PBXVariantGroup;
			children = (
				3D2AAF7820B6646A00A907DC /* Base */,
			);
			name = LaunchScreen.storyboard;
			sourceTree = "<group>";
		};
/* End PBXVariantGroup section */

/* Begin XCBuildConfiguration section */
		3D2AAF7B20B6646A00A907DC /* Debug */ = {
			isa = XCBuildConfiguration;
			buildSettings = {
				ALWAYS_SEARCH_USER_PATHS = NO;
				CLANG_ANALYZER_NONNULL = YES;
				CLANG_ANALYZER_NUMBER_OBJECT_CONVERSION = YES_AGGRESSIVE;
				CLANG_CXX_LANGUAGE_STANDARD = "gnu++14";
				CLANG_CXX_LIBRARY = "libc++";
				CLANG_ENABLE_MODULES = YES;
				CLANG_ENABLE_OBJC_ARC = YES;
				CLANG_WARN_BLOCK_CAPTURE_AUTORELEASING = YES;
				CLANG_WARN_BOOL_CONVERSION = YES;
				CLANG_WARN_COMMA = YES;
				CLANG_WARN_CONSTANT_CONVERSION = YES;
				CLANG_WARN_DIRECT_OBJC_ISA_USAGE = YES_ERROR;
				CLANG_WARN_DOCUMENTATION_COMMENTS = YES;
				CLANG_WARN_EMPTY_BODY = YES;
				CLANG_WARN_ENUM_CONVERSION = YES;
				CLANG_WARN_INFINITE_RECURSION = YES;
				CLANG_WARN_INT_CONVERSION = YES;
				CLANG_WARN_NON_LITERAL_NULL_CONVERSION = YES;
				CLANG_WARN_OBJC_LITERAL_CONVERSION = YES;
				CLANG_WARN_OBJC_ROOT_CLASS = YES_ERROR;
				CLANG_WARN_RANGE_LOOP_ANALYSIS = YES;
				CLANG_WARN_STRICT_PROTOTYPES = YES;
				CLANG_WARN_SUSPICIOUS_MOVE = YES;
				CLANG_WARN_UNGUARDED_AVAILABILITY = YES_AGGRESSIVE;
				CLANG_WARN_UNREACHABLE_CODE = YES;
				CLANG_WARN__DUPLICATE_METHOD_MATCH = YES;
				CODE_SIGN_IDENTITY = "iPhone Developer";
				COPY_PHASE_STRIP = NO;
				DEBUG_INFORMATION_FORMAT = dwarf;
				ENABLE_STRICT_OBJC_MSGSEND = YES;
				ENABLE_TESTABILITY = YES;
				GCC_C_LANGUAGE_STANDARD = gnu11;
				GCC_DYNAMIC_NO_PIC = NO;
				GCC_NO_COMMON_BLOCKS = YES;
				GCC_OPTIMIZATION_LEVEL = 0;
				GCC_PREPROCESSOR_DEFINITIONS = (
					"DEBUG=1",
					"$(inherited)",
				);
				GCC_WARN_64_TO_32_BIT_CONVERSION = YES;
				GCC_WARN_ABOUT_RETURN_TYPE = YES_ERROR;
				GCC_WARN_UNDECLARED_SELECTOR = YES;
				GCC_WARN_UNINITIALIZED_AUTOS = YES_AGGRESSIVE;
				GCC_WARN_UNUSED_FUNCTION = YES;
				GCC_WARN_UNUSED_VARIABLE = YES;
				IPHONEOS_DEPLOYMENT_TARGET = 11.2;
				MTL_ENABLE_DEBUG_INFO = YES;
				ONLY_ACTIVE_ARCH = YES;
				SDKROOT = iphoneos;
				SWIFT_ACTIVE_COMPILATION_CONDITIONS = DEBUG;
				SWIFT_OPTIMIZATION_LEVEL = "-Onone";
			};
			name = Debug;
		};
		3D2AAF7C20B6646A00A907DC /* Release */ = {
			isa = XCBuildConfiguration;
			buildSettings = {
				ALWAYS_SEARCH_USER_PATHS = NO;
				CLANG_ANALYZER_NONNULL = YES;
				CLANG_ANALYZER_NUMBER_OBJECT_CONVERSION = YES_AGGRESSIVE;
				CLANG_CXX_LANGUAGE_STANDARD = "gnu++14";
				CLANG_CXX_LIBRARY = "libc++";
				CLANG_ENABLE_MODULES = YES;
				CLANG_ENABLE_OBJC_ARC = YES;
				CLANG_WARN_BLOCK_CAPTURE_AUTORELEASING = YES;
				CLANG_WARN_BOOL_CONVERSION = YES;
				CLANG_WARN_COMMA = YES;
				CLANG_WARN_CONSTANT_CONVERSION = YES;
				CLANG_WARN_DIRECT_OBJC_ISA_USAGE = YES_ERROR;
				CLANG_WARN_DOCUMENTATION_COMMENTS = YES;
				CLANG_WARN_EMPTY_BODY = YES;
				CLANG_WARN_ENUM_CONVERSION = YES;
				CLANG_WARN_INFINITE_RECURSION = YES;
				CLANG_WARN_INT_CONVERSION = YES;
				CLANG_WARN_NON_LITERAL_NULL_CONVERSION = YES;
				CLANG_WARN_OBJC_LITERAL_CONVERSION = YES;
				CLANG_WARN_OBJC_ROOT_CLASS = YES_ERROR;
				CLANG_WARN_RANGE_LOOP_ANALYSIS = YES;
				CLANG_WARN_STRICT_PROTOTYPES = YES;
				CLANG_WARN_SUSPICIOUS_MOVE = YES;
				CLANG_WARN_UNGUARDED_AVAILABILITY = YES_AGGRESSIVE;
				CLANG_WARN_UNREACHABLE_CODE = YES;
				CLANG_WARN__DUPLICATE_METHOD_MATCH = YES;
				CODE_SIGN_IDENTITY = "iPhone Developer";
				COPY_PHASE_STRIP = NO;
				DEBUG_INFORMATION_FORMAT = "dwarf-with-dsym";
				ENABLE_NS_ASSERTIONS = NO;
				ENABLE_STRICT_OBJC_MSGSEND = YES;
				GCC_C_LANGUAGE_STANDARD = gnu11;
				GCC_NO_COMMON_BLOCKS = YES;
				GCC_WARN_64_TO_32_BIT_CONVERSION = YES;
				GCC_WARN_ABOUT_RETURN_TYPE = YES_ERROR;
				GCC_WARN_UNDECLARED_SELECTOR = YES;
				GCC_WARN_UNINITIALIZED_AUTOS = YES_AGGRESSIVE;
				GCC_WARN_UNUSED_FUNCTION = YES;
				GCC_WARN_UNUSED_VARIABLE = YES;
				IPHONEOS_DEPLOYMENT_TARGET = 11.2;
				MTL_ENABLE_DEBUG_INFO = NO;
				SDKROOT = iphoneos;
				SWIFT_OPTIMIZATION_LEVEL = "-Owholemodule";
				VALIDATE_PRODUCT = YES;
			};
			name = Release;
		};
		3D2AAF7E20B6646A00A907DC /* Debug */ = {
			isa = XCBuildConfiguration;
			buildSettings = {
				ASSETCATALOG_COMPILER_APPICON_NAME = AppIcon;
				CODE_SIGN_STYLE = Automatic;
				DEVELOPMENT_TEAM = T4SAW3YARN;
				INFOPLIST_FILE = DeleTextField/Info.plist;
				LD_RUNPATH_SEARCH_PATHS = "$(inherited) @executable_path/Frameworks";
				PRODUCT_BUNDLE_IDENTIFIER = Akulaku.DeleTextField;
				PRODUCT_NAME = "$(TARGET_NAME)";
				SWIFT_VERSION = 4.0;
				TARGETED_DEVICE_FAMILY = "1,2";
			};
			name = Debug;
		};
		3D2AAF7F20B6646A00A907DC /* Release */ = {
			isa = XCBuildConfiguration;
			buildSettings = {
				ASSETCATALOG_COMPILER_APPICON_NAME = AppIcon;
				CODE_SIGN_STYLE = Automatic;
				DEVELOPMENT_TEAM = T4SAW3YARN;
				INFOPLIST_FILE = DeleTextField/Info.plist;
				LD_RUNPATH_SEARCH_PATHS = "$(inherited) @executable_path/Frameworks";
				PRODUCT_BUNDLE_IDENTIFIER = Akulaku.DeleTextField;
				PRODUCT_NAME = "$(TARGET_NAME)";
				SWIFT_VERSION = 4.0;
				TARGETED_DEVICE_FAMILY = "1,2";
			};
			name = Release;
		};
/* End XCBuildConfiguration section */

/* Begin XCConfigurationList section */
		3D2AAF6620B6646A00A907DC /* Build configuration list for PBXProject "DeleTextField" */ = {
			isa = XCConfigurationList;
			buildConfigurations = (
				3D2AAF7B20B6646A00A907DC /* Debug */,
				3D2AAF7C20B6646A00A907DC /* Release */,
			);
			defaultConfigurationIsVisible = 0;
			defaultConfigurationName = Release;
		};
		3D2AAF7D20B6646A00A907DC /* Build configuration list for PBXNativeTarget "DeleTextField" */ = {
			isa = XCConfigurationList;
			buildConfigurations = (
				3D2AAF7E20B6646A00A907DC /* Debug */,
				3D2AAF7F20B6646A00A907DC /* Release */,
			);
			defaultConfigurationIsVisible = 0;
			defaultConfigurationName = Release;
		};
/* End XCConfigurationList section */
	};
	rootObject = 3D2AAF6320B6646A00A907DC /* Project object */;
}
